{
  "name": "rtv-ai-gateway",
  "version": "6.2.0",
  "lockfileVersion": 3,
  "requires": true,
  "packages": {
    "": {
      "name": "rtv-ai-gateway",
      "version": "6.2.0",
      "devDependencies": {
        "@cloudflare/workers-types": "^5.20260820.1",
        "typescript": "^5.8.0",
        "vitest": "^2.1.0",
        "wrangler": "^4.20.0"
      }
    }
  }
}
